
Microsoft Visual Studio Solution File, Format Version 11.00
# Visual Studio 2010
Project("{8BC9CEB8-8B4A-11D0-8D11-00A0C91BC942}") = "Intelligence", "Intelligence\Intelligence.vcxproj", "{187D76A4-05A9-4EA2-B8AC-F2A924496E55}"
EndProject
Project("{8BC9CEB8-8B4A-11D0-8D11-00A0C91BC942}") = "LibCommunication", "LibCommunication\LibCommunication.vcxproj", "{35AE8A52-6D96-4AD9-9FFA-AE389ADB3A6B}"
EndProject
Project("{2150E333-8FDC-42A3-9474-1A3956D46DE8}") = "Solution Items", "Solution Items", "{D6916380-2C09-410E-8D59-0F10E90D0AFD}"
	ProjectSection(SolutionItems) = preProject
		README = README
	EndProjectSection
EndProject
Project("{8BC9CEB8-8B4A-11D0-8D11-00A0C91BC942}") = "GraphicalIntelligence", "GraphicalIntelligence\GraphicalIntelligence.vcxproj", "{70FA6A84-F39C-4AF1-BE00-53526451AF63}"
EndProject
Project("{8BC9CEB8-8B4A-11D0-8D11-00A0C91BC942}") = "LibSimulation", "LibSimulation\LibSimulation.vcxproj", "{F34420F0-E007-4958-A665-5F402976E327}"
EndProject
Project("{8BC9CEB8-8B4A-11D0-8D11-00A0C91BC942}") = "Simulation", "Simulation\Simulation.vcxproj", "{A0CA2163-031C-4501-AA18-17B7E4549AEE}"
EndProject
Project("{8BC9CEB8-8B4A-11D0-8D11-00A0C91BC942}") = "LogPlayer", "LogPlayer\LogPlayer.vcxproj", "{40572B92-A52D-4660-822F-D92601B05CC6}"
EndProject
Project("{8BC9CEB8-8B4A-11D0-8D11-00A0C91BC942}") = "LibIntelligence", "LibIntelligence\LibIntelligence.vcxproj", "{D2525EB6-0BA3-46E9-8BBC-BEE313A51193}"
EndProject
Project("{FAE04EC0-301F-11D3-BF4B-00C04F79EFBC}") = "Transmission", "Transmissao\Transmission.csproj", "{1540404C-8607-4AA8-B5BF-D8F984F4A079}"
EndProject
Global
	GlobalSection(SubversionScc) = preSolution
		Svn-Managed = True
		Manager = AnkhSVN - Subversion Support for Visual Studio
	EndGlobalSection
	GlobalSection(SolutionConfigurationPlatforms) = preSolution
		Debug|Any CPU = Debug|Any CPU
		Debug|Mixed Platforms = Debug|Mixed Platforms
		Debug|Mixed Platforms x64 = Debug|Mixed Platforms x64
		Debug|Win32 = Debug|Win32
		Debug|x64 = Debug|x64
		Debug|x86 = Debug|x86
		Release|Any CPU = Release|Any CPU
		Release|Mixed Platforms = Release|Mixed Platforms
		Release|Mixed Platforms x64 = Release|Mixed Platforms x64
		Release|Win32 = Release|Win32
		Release|x64 = Release|x64
		Release|x86 = Release|x86
		Template|Any CPU = Template|Any CPU
		Template|Mixed Platforms = Template|Mixed Platforms
		Template|Mixed Platforms x64 = Template|Mixed Platforms x64
		Template|Win32 = Template|Win32
		Template|x64 = Template|x64
		Template|x86 = Template|x86
	EndGlobalSection
	GlobalSection(ProjectConfigurationPlatforms) = postSolution
		{187D76A4-05A9-4EA2-B8AC-F2A924496E55}.Debug|Any CPU.ActiveCfg = Debug|Win32
		{187D76A4-05A9-4EA2-B8AC-F2A924496E55}.Debug|Mixed Platforms.ActiveCfg = Debug|Win32
		{187D76A4-05A9-4EA2-B8AC-F2A924496E55}.Debug|Mixed Platforms.Build.0 = Debug|Win32
		{187D76A4-05A9-4EA2-B8AC-F2A924496E55}.Debug|Mixed Platforms x64.ActiveCfg = Debug|Win32
		{187D76A4-05A9-4EA2-B8AC-F2A924496E55}.Debug|Win32.ActiveCfg = Debug|Win32
		{187D76A4-05A9-4EA2-B8AC-F2A924496E55}.Debug|Win32.Build.0 = Debug|Win32
		{187D76A4-05A9-4EA2-B8AC-F2A924496E55}.Debug|x64.ActiveCfg = Debug|Win32
		{187D76A4-05A9-4EA2-B8AC-F2A924496E55}.Debug|x86.ActiveCfg = Debug|Win32
		{187D76A4-05A9-4EA2-B8AC-F2A924496E55}.Release|Any CPU.ActiveCfg = Release|Win32
		{187D76A4-05A9-4EA2-B8AC-F2A924496E55}.Release|Mixed Platforms.ActiveCfg = Release|Win32
		{187D76A4-05A9-4EA2-B8AC-F2A924496E55}.Release|Mixed Platforms.Build.0 = Release|Win32
		{187D76A4-05A9-4EA2-B8AC-F2A924496E55}.Release|Mixed Platforms x64.ActiveCfg = Release|Win32
		{187D76A4-05A9-4EA2-B8AC-F2A924496E55}.Release|Win32.ActiveCfg = Release|Win32
		{187D76A4-05A9-4EA2-B8AC-F2A924496E55}.Release|Win32.Build.0 = Release|Win32
		{187D76A4-05A9-4EA2-B8AC-F2A924496E55}.Release|x64.ActiveCfg = Release|Win32
		{187D76A4-05A9-4EA2-B8AC-F2A924496E55}.Release|x86.ActiveCfg = Release|Win32
		{187D76A4-05A9-4EA2-B8AC-F2A924496E55}.Template|Any CPU.ActiveCfg = Template|Win32
		{187D76A4-05A9-4EA2-B8AC-F2A924496E55}.Template|Mixed Platforms.ActiveCfg = Template|Win32
		{187D76A4-05A9-4EA2-B8AC-F2A924496E55}.Template|Mixed Platforms.Build.0 = Template|Win32
		{187D76A4-05A9-4EA2-B8AC-F2A924496E55}.Template|Mixed Platforms x64.ActiveCfg = Template|Win32
		{187D76A4-05A9-4EA2-B8AC-F2A924496E55}.Template|Win32.ActiveCfg = Template|Win32
		{187D76A4-05A9-4EA2-B8AC-F2A924496E55}.Template|Win32.Build.0 = Template|Win32
		{187D76A4-05A9-4EA2-B8AC-F2A924496E55}.Template|x64.ActiveCfg = Template|Win32
		{187D76A4-05A9-4EA2-B8AC-F2A924496E55}.Template|x86.ActiveCfg = Template|Win32
		{35AE8A52-6D96-4AD9-9FFA-AE389ADB3A6B}.Debug|Any CPU.ActiveCfg = Debug|Win32
		{35AE8A52-6D96-4AD9-9FFA-AE389ADB3A6B}.Debug|Mixed Platforms.ActiveCfg = Debug|Win32
		{35AE8A52-6D96-4AD9-9FFA-AE389ADB3A6B}.Debug|Mixed Platforms.Build.0 = Debug|Win32
		{35AE8A52-6D96-4AD9-9FFA-AE389ADB3A6B}.Debug|Mixed Platforms x64.ActiveCfg = Debug|Win32
		{35AE8A52-6D96-4AD9-9FFA-AE389ADB3A6B}.Debug|Win32.ActiveCfg = Debug|Win32
		{35AE8A52-6D96-4AD9-9FFA-AE389ADB3A6B}.Debug|Win32.Build.0 = Debug|Win32
		{35AE8A52-6D96-4AD9-9FFA-AE389ADB3A6B}.Debug|x64.ActiveCfg = Debug|Win32
		{35AE8A52-6D96-4AD9-9FFA-AE389ADB3A6B}.Debug|x86.ActiveCfg = Debug|Win32
		{35AE8A52-6D96-4AD9-9FFA-AE389ADB3A6B}.Release|Any CPU.ActiveCfg = Release|Win32
		{35AE8A52-6D96-4AD9-9FFA-AE389ADB3A6B}.Release|Mixed Platforms.ActiveCfg = Release|Win32
		{35AE8A52-6D96-4AD9-9FFA-AE389ADB3A6B}.Release|Mixed Platforms.Build.0 = Release|Win32
		{35AE8A52-6D96-4AD9-9FFA-AE389ADB3A6B}.Release|Mixed Platforms x64.ActiveCfg = Release|Win32
		{35AE8A52-6D96-4AD9-9FFA-AE389ADB3A6B}.Release|Win32.ActiveCfg = Release|Win32
		{35AE8A52-6D96-4AD9-9FFA-AE389ADB3A6B}.Release|Win32.Build.0 = Release|Win32
		{35AE8A52-6D96-4AD9-9FFA-AE389ADB3A6B}.Release|x64.ActiveCfg = Release|Win32
		{35AE8A52-6D96-4AD9-9FFA-AE389ADB3A6B}.Release|x86.ActiveCfg = Release|Win32
		{35AE8A52-6D96-4AD9-9FFA-AE389ADB3A6B}.Template|Any CPU.ActiveCfg = Release|Win32
		{35AE8A52-6D96-4AD9-9FFA-AE389ADB3A6B}.Template|Mixed Platforms.ActiveCfg = Release|Win32
		{35AE8A52-6D96-4AD9-9FFA-AE389ADB3A6B}.Template|Mixed Platforms.Build.0 = Release|Win32
		{35AE8A52-6D96-4AD9-9FFA-AE389ADB3A6B}.Template|Mixed Platforms x64.ActiveCfg = Release|Win32
		{35AE8A52-6D96-4AD9-9FFA-AE389ADB3A6B}.Template|Win32.ActiveCfg = Release|Win32
		{35AE8A52-6D96-4AD9-9FFA-AE389ADB3A6B}.Template|Win32.Build.0 = Release|Win32
		{35AE8A52-6D96-4AD9-9FFA-AE389ADB3A6B}.Template|x64.ActiveCfg = Release|Win32
		{35AE8A52-6D96-4AD9-9FFA-AE389ADB3A6B}.Template|x86.ActiveCfg = Release|Win32
		{70FA6A84-F39C-4AF1-BE00-53526451AF63}.Debug|Any CPU.ActiveCfg = Debug|Win32
		{70FA6A84-F39C-4AF1-BE00-53526451AF63}.Debug|Mixed Platforms.ActiveCfg = Debug|Win32
		{70FA6A84-F39C-4AF1-BE00-53526451AF63}.Debug|Mixed Platforms x64.ActiveCfg = Debug|Win32
		{70FA6A84-F39C-4AF1-BE00-53526451AF63}.Debug|Win32.ActiveCfg = Debug|Win32
		{70FA6A84-F39C-4AF1-BE00-53526451AF63}.Debug|Win32.Build.0 = Debug|Win32
		{70FA6A84-F39C-4AF1-BE00-53526451AF63}.Debug|x64.ActiveCfg = Debug|Win32
		{70FA6A84-F39C-4AF1-BE00-53526451AF63}.Debug|x86.ActiveCfg = Debug|Win32
		{70FA6A84-F39C-4AF1-BE00-53526451AF63}.Release|Any CPU.ActiveCfg = Release|Win32
		{70FA6A84-F39C-4AF1-BE00-53526451AF63}.Release|Mixed Platforms.ActiveCfg = Release|Win32
		{70FA6A84-F39C-4AF1-BE00-53526451AF63}.Release|Mixed Platforms.Build.0 = Release|Win32
		{70FA6A84-F39C-4AF1-BE00-53526451AF63}.Release|Mixed Platforms x64.ActiveCfg = Release|Win32
		{70FA6A84-F39C-4AF1-BE00-53526451AF63}.Release|Win32.ActiveCfg = Release|Win32
		{70FA6A84-F39C-4AF1-BE00-53526451AF63}.Release|Win32.Build.0 = Release|Win32
		{70FA6A84-F39C-4AF1-BE00-53526451AF63}.Release|x64.ActiveCfg = Release|Win32
		{70FA6A84-F39C-4AF1-BE00-53526451AF63}.Release|x86.ActiveCfg = Release|Win32
		{70FA6A84-F39C-4AF1-BE00-53526451AF63}.Template|Any CPU.ActiveCfg = Release|Win32
		{70FA6A84-F39C-4AF1-BE00-53526451AF63}.Template|Mixed Platforms.ActiveCfg = Release|Win32
		{70FA6A84-F39C-4AF1-BE00-53526451AF63}.Template|Mixed Platforms.Build.0 = Release|Win32
		{70FA6A84-F39C-4AF1-BE00-53526451AF63}.Template|Mixed Platforms x64.ActiveCfg = Release|Win32
		{70FA6A84-F39C-4AF1-BE00-53526451AF63}.Template|Win32.ActiveCfg = Release|Win32
		{70FA6A84-F39C-4AF1-BE00-53526451AF63}.Template|Win32.Build.0 = Release|Win32
		{70FA6A84-F39C-4AF1-BE00-53526451AF63}.Template|x64.ActiveCfg = Release|Win32
		{70FA6A84-F39C-4AF1-BE00-53526451AF63}.Template|x86.ActiveCfg = Release|Win32
		{F34420F0-E007-4958-A665-5F402976E327}.Debug|Any CPU.ActiveCfg = Debug|Win32
		{F34420F0-E007-4958-A665-5F402976E327}.Debug|Mixed Platforms.ActiveCfg = Debug|Win32
		{F34420F0-E007-4958-A665-5F402976E327}.Debug|Mixed Platforms.Build.0 = Debug|Win32
		{F34420F0-E007-4958-A665-5F402976E327}.Debug|Mixed Platforms x64.ActiveCfg = Debug|Win32
		{F34420F0-E007-4958-A665-5F402976E327}.Debug|Win32.ActiveCfg = Debug|Win32
		{F34420F0-E007-4958-A665-5F402976E327}.Debug|Win32.Build.0 = Debug|Win32
		{F34420F0-E007-4958-A665-5F402976E327}.Debug|x64.ActiveCfg = Debug|Win32
		{F34420F0-E007-4958-A665-5F402976E327}.Debug|x86.ActiveCfg = Debug|Win32
		{F34420F0-E007-4958-A665-5F402976E327}.Release|Any CPU.ActiveCfg = Release|Win32
		{F34420F0-E007-4958-A665-5F402976E327}.Release|Mixed Platforms.ActiveCfg = Release|Win32
		{F34420F0-E007-4958-A665-5F402976E327}.Release|Mixed Platforms.Build.0 = Release|Win32
		{F34420F0-E007-4958-A665-5F402976E327}.Release|Mixed Platforms x64.ActiveCfg = Release|Win32
		{F34420F0-E007-4958-A665-5F402976E327}.Release|Win32.ActiveCfg = Release|Win32
		{F34420F0-E007-4958-A665-5F402976E327}.Release|Win32.Build.0 = Release|Win32
		{F34420F0-E007-4958-A665-5F402976E327}.Release|x64.ActiveCfg = Release|Win32
		{F34420F0-E007-4958-A665-5F402976E327}.Release|x86.ActiveCfg = Release|Win32
		{F34420F0-E007-4958-A665-5F402976E327}.Template|Any CPU.ActiveCfg = Release|Win32
		{F34420F0-E007-4958-A665-5F402976E327}.Template|Mixed Platforms.ActiveCfg = Release|Win32
		{F34420F0-E007-4958-A665-5F402976E327}.Template|Mixed Platforms.Build.0 = Release|Win32
		{F34420F0-E007-4958-A665-5F402976E327}.Template|Mixed Platforms x64.ActiveCfg = Release|Win32
		{F34420F0-E007-4958-A665-5F402976E327}.Template|Win32.ActiveCfg = Release|Win32
		{F34420F0-E007-4958-A665-5F402976E327}.Template|Win32.Build.0 = Release|Win32
		{F34420F0-E007-4958-A665-5F402976E327}.Template|x64.ActiveCfg = Release|Win32
		{F34420F0-E007-4958-A665-5F402976E327}.Template|x86.ActiveCfg = Release|Win32
		{A0CA2163-031C-4501-AA18-17B7E4549AEE}.Debug|Any CPU.ActiveCfg = Debug|Win32
		{A0CA2163-031C-4501-AA18-17B7E4549AEE}.Debug|Mixed Platforms.ActiveCfg = Debug|Win32
		{A0CA2163-031C-4501-AA18-17B7E4549AEE}.Debug|Mixed Platforms.Build.0 = Debug|Win32
		{A0CA2163-031C-4501-AA18-17B7E4549AEE}.Debug|Mixed Platforms x64.ActiveCfg = Debug|Win32
		{A0CA2163-031C-4501-AA18-17B7E4549AEE}.Debug|Win32.ActiveCfg = Debug|Win32
		{A0CA2163-031C-4501-AA18-17B7E4549AEE}.Debug|Win32.Build.0 = Debug|Win32
		{A0CA2163-031C-4501-AA18-17B7E4549AEE}.Debug|x64.ActiveCfg = Debug|Win32
		{A0CA2163-031C-4501-AA18-17B7E4549AEE}.Debug|x86.ActiveCfg = Debug|Win32
		{A0CA2163-031C-4501-AA18-17B7E4549AEE}.Release|Any CPU.ActiveCfg = Release|Win32
		{A0CA2163-031C-4501-AA18-17B7E4549AEE}.Release|Mixed Platforms.ActiveCfg = Release|Win32
		{A0CA2163-031C-4501-AA18-17B7E4549AEE}.Release|Mixed Platforms.Build.0 = Release|Win32
		{A0CA2163-031C-4501-AA18-17B7E4549AEE}.Release|Mixed Platforms x64.ActiveCfg = Release|Win32
		{A0CA2163-031C-4501-AA18-17B7E4549AEE}.Release|Win32.ActiveCfg = Release|Win32
		{A0CA2163-031C-4501-AA18-17B7E4549AEE}.Release|Win32.Build.0 = Release|Win32
		{A0CA2163-031C-4501-AA18-17B7E4549AEE}.Release|x64.ActiveCfg = Release|Win32
		{A0CA2163-031C-4501-AA18-17B7E4549AEE}.Release|x86.ActiveCfg = Release|Win32
		{A0CA2163-031C-4501-AA18-17B7E4549AEE}.Template|Any CPU.ActiveCfg = Release|Win32
		{A0CA2163-031C-4501-AA18-17B7E4549AEE}.Template|Mixed Platforms.ActiveCfg = Release|Win32
		{A0CA2163-031C-4501-AA18-17B7E4549AEE}.Template|Mixed Platforms.Build.0 = Release|Win32
		{A0CA2163-031C-4501-AA18-17B7E4549AEE}.Template|Mixed Platforms x64.ActiveCfg = Release|Win32
		{A0CA2163-031C-4501-AA18-17B7E4549AEE}.Template|Win32.ActiveCfg = Release|Win32
		{A0CA2163-031C-4501-AA18-17B7E4549AEE}.Template|Win32.Build.0 = Release|Win32
		{A0CA2163-031C-4501-AA18-17B7E4549AEE}.Template|x64.ActiveCfg = Release|Win32
		{A0CA2163-031C-4501-AA18-17B7E4549AEE}.Template|x86.ActiveCfg = Release|Win32
		{40572B92-A52D-4660-822F-D92601B05CC6}.Debug|Any CPU.ActiveCfg = Debug|Win32
		{40572B92-A52D-4660-822F-D92601B05CC6}.Debug|Mixed Platforms.ActiveCfg = Debug|Win32
		{40572B92-A52D-4660-822F-D92601B05CC6}.Debug|Mixed Platforms.Build.0 = Debug|Win32
		{40572B92-A52D-4660-822F-D92601B05CC6}.Debug|Mixed Platforms x64.ActiveCfg = Debug|Win32
		{40572B92-A52D-4660-822F-D92601B05CC6}.Debug|Win32.ActiveCfg = Debug|Win32
		{40572B92-A52D-4660-822F-D92601B05CC6}.Debug|Win32.Build.0 = Debug|Win32
		{40572B92-A52D-4660-822F-D92601B05CC6}.Debug|x64.ActiveCfg = Debug|Win32
		{40572B92-A52D-4660-822F-D92601B05CC6}.Debug|x86.ActiveCfg = Debug|Win32
		{40572B92-A52D-4660-822F-D92601B05CC6}.Release|Any CPU.ActiveCfg = Release|Win32
		{40572B92-A52D-4660-822F-D92601B05CC6}.Release|Mixed Platforms.ActiveCfg = Release|Win32
		{40572B92-A52D-4660-822F-D92601B05CC6}.Release|Mixed Platforms.Build.0 = Release|Win32
		{40572B92-A52D-4660-822F-D92601B05CC6}.Release|Mixed Platforms x64.ActiveCfg = Release|Win32
		{40572B92-A52D-4660-822F-D92601B05CC6}.Release|Win32.ActiveCfg = Release|Win32
		{40572B92-A52D-4660-822F-D92601B05CC6}.Release|Win32.Build.0 = Release|Win32
		{40572B92-A52D-4660-822F-D92601B05CC6}.Release|x64.ActiveCfg = Release|Win32
		{40572B92-A52D-4660-822F-D92601B05CC6}.Release|x86.ActiveCfg = Release|Win32
		{40572B92-A52D-4660-822F-D92601B05CC6}.Template|Any CPU.ActiveCfg = Release|Win32
		{40572B92-A52D-4660-822F-D92601B05CC6}.Template|Mixed Platforms.ActiveCfg = Release|Win32
		{40572B92-A52D-4660-822F-D92601B05CC6}.Template|Mixed Platforms.Build.0 = Release|Win32
		{40572B92-A52D-4660-822F-D92601B05CC6}.Template|Mixed Platforms x64.ActiveCfg = Release|Win32
		{40572B92-A52D-4660-822F-D92601B05CC6}.Template|Win32.ActiveCfg = Release|Win32
		{40572B92-A52D-4660-822F-D92601B05CC6}.Template|Win32.Build.0 = Release|Win32
		{40572B92-A52D-4660-822F-D92601B05CC6}.Template|x64.ActiveCfg = Release|Win32
		{40572B92-A52D-4660-822F-D92601B05CC6}.Template|x86.ActiveCfg = Release|Win32
		{D2525EB6-0BA3-46E9-8BBC-BEE313A51193}.Debug|Any CPU.ActiveCfg = Debug|Win32
		{D2525EB6-0BA3-46E9-8BBC-BEE313A51193}.Debug|Mixed Platforms.ActiveCfg = Debug|Win32
		{D2525EB6-0BA3-46E9-8BBC-BEE313A51193}.Debug|Mixed Platforms.Build.0 = Debug|Win32
		{D2525EB6-0BA3-46E9-8BBC-BEE313A51193}.Debug|Mixed Platforms x64.ActiveCfg = Debug|Win32
		{D2525EB6-0BA3-46E9-8BBC-BEE313A51193}.Debug|Win32.ActiveCfg = Debug|Win32
		{D2525EB6-0BA3-46E9-8BBC-BEE313A51193}.Debug|Win32.Build.0 = Debug|Win32
		{D2525EB6-0BA3-46E9-8BBC-BEE313A51193}.Debug|x64.ActiveCfg = Debug|Win32
		{D2525EB6-0BA3-46E9-8BBC-BEE313A51193}.Debug|x86.ActiveCfg = Debug|Win32
		{D2525EB6-0BA3-46E9-8BBC-BEE313A51193}.Release|Any CPU.ActiveCfg = Release|Win32
		{D2525EB6-0BA3-46E9-8BBC-BEE313A51193}.Release|Mixed Platforms.ActiveCfg = Release|Win32
		{D2525EB6-0BA3-46E9-8BBC-BEE313A51193}.Release|Mixed Platforms.Build.0 = Release|Win32
		{D2525EB6-0BA3-46E9-8BBC-BEE313A51193}.Release|Mixed Platforms x64.ActiveCfg = Release|Win32
		{D2525EB6-0BA3-46E9-8BBC-BEE313A51193}.Release|Win32.ActiveCfg = Release|Win32
		{D2525EB6-0BA3-46E9-8BBC-BEE313A51193}.Release|Win32.Build.0 = Release|Win32
		{D2525EB6-0BA3-46E9-8BBC-BEE313A51193}.Release|x64.ActiveCfg = Release|Win32
		{D2525EB6-0BA3-46E9-8BBC-BEE313A51193}.Release|x86.ActiveCfg = Release|Win32
		{D2525EB6-0BA3-46E9-8BBC-BEE313A51193}.Template|Any CPU.ActiveCfg = Template|Win32
		{D2525EB6-0BA3-46E9-8BBC-BEE313A51193}.Template|Mixed Platforms.ActiveCfg = Template|Win32
		{D2525EB6-0BA3-46E9-8BBC-BEE313A51193}.Template|Mixed Platforms.Build.0 = Template|Win32
		{D2525EB6-0BA3-46E9-8BBC-BEE313A51193}.Template|Mixed Platforms x64.ActiveCfg = Template|Win32
		{D2525EB6-0BA3-46E9-8BBC-BEE313A51193}.Template|Win32.ActiveCfg = Template|Win32
		{D2525EB6-0BA3-46E9-8BBC-BEE313A51193}.Template|Win32.Build.0 = Template|Win32
		{D2525EB6-0BA3-46E9-8BBC-BEE313A51193}.Template|x64.ActiveCfg = Template|Win32
		{D2525EB6-0BA3-46E9-8BBC-BEE313A51193}.Template|x86.ActiveCfg = Template|Win32
		{1540404C-8607-4AA8-B5BF-D8F984F4A079}.Debug|Any CPU.ActiveCfg = Debug|Any CPU
		{1540404C-8607-4AA8-B5BF-D8F984F4A079}.Debug|Any CPU.Build.0 = Debug|Any CPU
		{1540404C-8607-4AA8-B5BF-D8F984F4A079}.Debug|Mixed Platforms.ActiveCfg = Debug|x86
		{1540404C-8607-4AA8-B5BF-D8F984F4A079}.Debug|Mixed Platforms.Build.0 = Debug|x86
		{1540404C-8607-4AA8-B5BF-D8F984F4A079}.Debug|Mixed Platforms x64.ActiveCfg = Debug|x86
		{1540404C-8607-4AA8-B5BF-D8F984F4A079}.Debug|Win32.ActiveCfg = Debug|x86
		{1540404C-8607-4AA8-B5BF-D8F984F4A079}.Debug|x64.ActiveCfg = Debug|x64
		{1540404C-8607-4AA8-B5BF-D8F984F4A079}.Debug|x64.Build.0 = Debug|x64
		{1540404C-8607-4AA8-B5BF-D8F984F4A079}.Debug|x86.ActiveCfg = Debug|x86
		{1540404C-8607-4AA8-B5BF-D8F984F4A079}.Debug|x86.Build.0 = Debug|x86
		{1540404C-8607-4AA8-B5BF-D8F984F4A079}.Release|Any CPU.ActiveCfg = Release|Any CPU
		{1540404C-8607-4AA8-B5BF-D8F984F4A079}.Release|Any CPU.Build.0 = Release|Any CPU
		{1540404C-8607-4AA8-B5BF-D8F984F4A079}.Release|Mixed Platforms.ActiveCfg = Release|x86
		{1540404C-8607-4AA8-B5BF-D8F984F4A079}.Release|Mixed Platforms.Build.0 = Release|x86
		{1540404C-8607-4AA8-B5BF-D8F984F4A079}.Release|Mixed Platforms x64.ActiveCfg = Release|x86
		{1540404C-8607-4AA8-B5BF-D8F984F4A079}.Release|Win32.ActiveCfg = Release|x86
		{1540404C-8607-4AA8-B5BF-D8F984F4A079}.Release|x64.ActiveCfg = Release|x64
		{1540404C-8607-4AA8-B5BF-D8F984F4A079}.Release|x64.Build.0 = Release|x64
		{1540404C-8607-4AA8-B5BF-D8F984F4A079}.Release|x86.ActiveCfg = Release|x86
		{1540404C-8607-4AA8-B5BF-D8F984F4A079}.Release|x86.Build.0 = Release|x86
		{1540404C-8607-4AA8-B5BF-D8F984F4A079}.Template|Any CPU.ActiveCfg = Release|x86
		{1540404C-8607-4AA8-B5BF-D8F984F4A079}.Template|Mixed Platforms.ActiveCfg = Release|x86
		{1540404C-8607-4AA8-B5BF-D8F984F4A079}.Template|Mixed Platforms.Build.0 = Release|x86
		{1540404C-8607-4AA8-B5BF-D8F984F4A079}.Template|Mixed Platforms x64.ActiveCfg = Release|x86
		{1540404C-8607-4AA8-B5BF-D8F984F4A079}.Template|Win32.ActiveCfg = Release|x86
		{1540404C-8607-4AA8-B5BF-D8F984F4A079}.Template|x64.ActiveCfg = Release|x86
		{1540404C-8607-4AA8-B5BF-D8F984F4A079}.Template|x86.ActiveCfg = Release|x86
		{1540404C-8607-4AA8-B5BF-D8F984F4A079}.Template|x86.Build.0 = Release|x86
	EndGlobalSection
	GlobalSection(SolutionProperties) = preSolution
		HideSolutionNode = FALSE
	EndGlobalSection
	GlobalSection(ExtensibilityGlobals) = postSolution
		QtVersion = msvc2010
	EndGlobalSection
EndGlobal
