<?xml version="1.0" encoding="utf-8"?>
<Project ToolsVersion="4.0" xmlns="http://schemas.microsoft.com/developer/msbuild/2003">
  <ItemGroup>
    <Filter Include="Source Files">
      <UniqueIdentifier>{4FC737F1-C7A5-4376-A066-2A32D752A2FF}</UniqueIdentifier>
      <Extensions>cpp;cxx;c;def</Extensions>
    </Filter>
    <Filter Include="Header Files">
      <UniqueIdentifier>{93995380-89BD-4b04-88EB-625FBE52EBFB}</UniqueIdentifier>
      <Extensions>h</Extensions>
    </Filter>
    <Filter Include="Form Files">
      <UniqueIdentifier>{99349809-55BA-4b9d-BF79-8FDBB0286EB3}</UniqueIdentifier>
      <Extensions>ui</Extensions>
    </Filter>
    <Filter Include="Resource Files">
      <UniqueIdentifier>{D9D6E242-F8AF-46E4-B9FD-80ECBC20BA3E}</UniqueIdentifier>
      <Extensions>qrc;*</Extensions>
      <ParseFiles>false</ParseFiles>
    </Filter>
    <Filter Include="Generated Files">
      <UniqueIdentifier>{71ED8ED8-ACB9-4CE9-BBE1-E00B30144E11}</UniqueIdentifier>
      <Extensions>moc;h;cpp</Extensions>
      <SourceControlFiles>False</SourceControlFiles>
    </Filter>
    <Filter Include="Generated Files\Debug">
      <UniqueIdentifier>{9c4a07d3-c463-4cd8-90cd-8410d353febb}</UniqueIdentifier>
      <Extensions>cpp;moc</Extensions>
      <SourceControlFiles>False</SourceControlFiles>
    </Filter>
    <Filter Include="Generated Files\Release">
      <UniqueIdentifier>{e9c10e4d-e80c-4d6c-aef4-e3b7fffc1a32}</UniqueIdentifier>
      <Extensions>cpp;moc</Extensions>
      <SourceControlFiles>False</SourceControlFiles>
    </Filter>
    <Filter Include="Header Files\Common Header Files">
      <UniqueIdentifier>{4cf0216f-d88e-46a4-af64-c504608694eb}</UniqueIdentifier>
    </Filter>
    <Filter Include="Header Files\Common Header Files\NxuStream2">
      <UniqueIdentifier>{991bc4ab-e790-4f41-b2ae-08e71ae9370b}</UniqueIdentifier>
    </Filter>
    <Filter Include="Source Files\Common Header Files">
      <UniqueIdentifier>{6976af6f-239b-4d3f-ae67-8ccd50392749}</UniqueIdentifier>
    </Filter>
    <Filter Include="Source Files\Common Header Files\NxuStream2">
      <UniqueIdentifier>{54a09720-45c3-4c67-8891-fe26d98d9fe0}</UniqueIdentifier>
    </Filter>
    <Filter Include="Header Files\Common Header Files\win">
      <UniqueIdentifier>{47ce0fa2-d7ac-4a2e-a5c1-e9bf742acb51}</UniqueIdentifier>
    </Filter>
    <Filter Include="Source Files\Common Header Files\win">
      <UniqueIdentifier>{dd0f26ba-f39d-4aca-adb7-db8e48c4075f}</UniqueIdentifier>
    </Filter>
    <Filter Include="Header Files\Interface">
      <UniqueIdentifier>{8147edb7-26e8-45e3-a92f-9fcfa4302e73}</UniqueIdentifier>
    </Filter>
    <Filter Include="Header Files\Robot">
      <UniqueIdentifier>{eebdbd3b-eac4-4cf8-aba9-c8bee5bbd406}</UniqueIdentifier>
    </Filter>
    <Filter Include="Source Files\Interface">
      <UniqueIdentifier>{df7bcaa5-c7f8-48d0-8e64-382d26a22850}</UniqueIdentifier>
    </Filter>
    <Filter Include="Source Files\Robot">
      <UniqueIdentifier>{dfe0677a-f500-41ef-82f3-90ee9515f71c}</UniqueIdentifier>
    </Filter>
  </ItemGroup>
  <ItemGroup>
    <ClCompile Include="Simulation.cpp">
      <Filter>Source Files</Filter>
    </ClCompile>
    <ClCompile Include="MyContactReport.cpp">
      <Filter>Source Files</Filter>
    </ClCompile>
    <ClCompile Include="MyUserNotify.cpp">
      <Filter>Source Files</Filter>
    </ClCompile>
    <ClCompile Include="NxAllBalls.cpp">
      <Filter>Source Files</Filter>
    </ClCompile>
    <ClCompile Include="NxAllFields.cpp">
      <Filter>Source Files</Filter>
    </ClCompile>
    <ClCompile Include="NxBall.cpp">
      <Filter>Source Files</Filter>
    </ClCompile>
    <ClCompile Include="NxField.cpp">
      <Filter>Source Files</Filter>
    </ClCompile>
    <ClCompile Include="NxMath1.cpp">
      <Filter>Source Files</Filter>
    </ClCompile>
    <ClCompile Include="NxScene1.cpp">
      <Filter>Source Files</Filter>
    </ClCompile>
    <ClCompile Include="GeneratedFiles\Debug\moc_UDPServerSimInt.cpp">
      <Filter>Generated Files\Debug</Filter>
    </ClCompile>
    <ClCompile Include="GeneratedFiles\Release\moc_UDPServerSimInt.cpp">
      <Filter>Generated Files\Release</Filter>
    </ClCompile>
    <ClCompile Include="GeneratedFiles\Debug\moc_UDPMulticastSenderSSLVision.cpp">
      <Filter>Generated Files\Debug</Filter>
    </ClCompile>
    <ClCompile Include="GeneratedFiles\Release\moc_UDPMulticastSenderSSLVision.cpp">
      <Filter>Generated Files\Release</Filter>
    </ClCompile>
    <ClCompile Include="..\include\NVIDIA PhysX SDK\v2.8.4_win\Tools\NxuStream2\NXU_Asc2Bin.cpp">
      <Filter>Source Files\Common Header Files\NxuStream2</Filter>
    </ClCompile>
    <ClCompile Include="..\include\NVIDIA PhysX SDK\v2.8.4_win\Tools\NxuStream2\NXU_ColladaExport.cpp">
      <Filter>Source Files\Common Header Files\NxuStream2</Filter>
    </ClCompile>
    <ClCompile Include="..\include\NVIDIA PhysX SDK\v2.8.4_win\Tools\NxuStream2\NXU_ColladaImport.cpp">
      <Filter>Source Files\Common Header Files\NxuStream2</Filter>
    </ClCompile>
    <ClCompile Include="..\include\NVIDIA PhysX SDK\v2.8.4_win\Tools\NxuStream2\NXU_cooking.cpp">
      <Filter>Source Files\Common Header Files\NxuStream2</Filter>
    </ClCompile>
    <ClCompile Include="..\include\NVIDIA PhysX SDK\v2.8.4_win\Tools\NxuStream2\NXU_customcopy.cpp">
      <Filter>Source Files\Common Header Files\NxuStream2</Filter>
    </ClCompile>
    <ClCompile Include="..\include\NVIDIA PhysX SDK\v2.8.4_win\Tools\NxuStream2\NXU_File.cpp">
      <Filter>Source Files\Common Header Files\NxuStream2</Filter>
    </ClCompile>
    <ClCompile Include="..\include\NVIDIA PhysX SDK\v2.8.4_win\Tools\NxuStream2\NXU_Geometry.cpp">
      <Filter>Source Files\Common Header Files\NxuStream2</Filter>
    </ClCompile>
    <ClCompile Include="..\include\NVIDIA PhysX SDK\v2.8.4_win\Tools\NxuStream2\NXU_GraphicsMesh.cpp">
      <Filter>Source Files\Common Header Files\NxuStream2</Filter>
    </ClCompile>
    <ClCompile Include="..\include\NVIDIA PhysX SDK\v2.8.4_win\Tools\NxuStream2\NXU_helper.cpp">
      <Filter>Source Files\Common Header Files\NxuStream2</Filter>
    </ClCompile>
    <ClCompile Include="..\include\NVIDIA PhysX SDK\v2.8.4_win\Tools\NxuStream2\NXU_hull.cpp">
      <Filter>Source Files\Common Header Files\NxuStream2</Filter>
    </ClCompile>
    <ClCompile Include="..\include\NVIDIA PhysX SDK\v2.8.4_win\Tools\NxuStream2\NXU_PhysicsExport.cpp">
      <Filter>Source Files\Common Header Files\NxuStream2</Filter>
    </ClCompile>
    <ClCompile Include="..\include\NVIDIA PhysX SDK\v2.8.4_win\Tools\NxuStream2\NXU_PhysicsInstantiator.cpp">
      <Filter>Source Files\Common Header Files\NxuStream2</Filter>
    </ClCompile>
    <ClCompile Include="..\include\NVIDIA PhysX SDK\v2.8.4_win\Tools\NxuStream2\NXU_ScaledCopy.cpp">
      <Filter>Source Files\Common Header Files\NxuStream2</Filter>
    </ClCompile>
    <ClCompile Include="..\include\NVIDIA PhysX SDK\v2.8.4_win\Tools\NxuStream2\NXU_schema.cpp">
      <Filter>Source Files\Common Header Files\NxuStream2</Filter>
    </ClCompile>
    <ClCompile Include="..\include\NVIDIA PhysX SDK\v2.8.4_win\Tools\NxuStream2\NXU_SchemaStream.cpp">
      <Filter>Source Files\Common Header Files\NxuStream2</Filter>
    </ClCompile>
    <ClCompile Include="..\include\NVIDIA PhysX SDK\v2.8.4_win\Tools\NxuStream2\NXU_Streaming.cpp">
      <Filter>Source Files\Common Header Files\NxuStream2</Filter>
    </ClCompile>
    <ClCompile Include="..\include\NVIDIA PhysX SDK\v2.8.4_win\Tools\NxuStream2\NXU_string.cpp">
      <Filter>Source Files\Common Header Files\NxuStream2</Filter>
    </ClCompile>
    <ClCompile Include="..\include\NVIDIA PhysX SDK\v2.8.4_win\Tools\NxuStream2\NXU_tinystr.cpp">
      <Filter>Source Files\Common Header Files\NxuStream2</Filter>
    </ClCompile>
    <ClCompile Include="..\include\NVIDIA PhysX SDK\v2.8.4_win\Tools\NxuStream2\NXU_tinyxml.cpp">
      <Filter>Source Files\Common Header Files\NxuStream2</Filter>
    </ClCompile>
    <ClCompile Include="..\include\NVIDIA PhysX SDK\v2.8.4_win\Tools\NxuStream2\NXU_tinyxmlerror.cpp">
      <Filter>Source Files\Common Header Files\NxuStream2</Filter>
    </ClCompile>
    <ClCompile Include="..\include\NVIDIA PhysX SDK\v2.8.4_win\Tools\NxuStream2\NXU_tinyxmlparser.cpp">
      <Filter>Source Files\Common Header Files\NxuStream2</Filter>
    </ClCompile>
    <ClCompile Include="..\include\NVIDIA PhysX SDK\v2.8.4_win\Samples\SampleCommonCode\src\ActorPicking.cpp">
      <Filter>Source Files\Common Header Files</Filter>
    </ClCompile>
    <ClCompile Include="..\include\NVIDIA PhysX SDK\v2.8.4_win\Samples\SampleCommonCode\src\Actors.cpp">
      <Filter>Source Files\Common Header Files</Filter>
    </ClCompile>
    <ClCompile Include="..\include\NVIDIA PhysX SDK\v2.8.4_win\Samples\SampleCommonCode\src\cooking.cpp">
      <Filter>Source Files\Common Header Files</Filter>
    </ClCompile>
    <ClCompile Include="..\include\NVIDIA PhysX SDK\v2.8.4_win\Samples\SampleCommonCode\src\DebugRenderer.cpp">
      <Filter>Source Files\Common Header Files</Filter>
    </ClCompile>
    <ClCompile Include="..\include\NVIDIA PhysX SDK\v2.8.4_win\Samples\SampleCommonCode\src\DrawObjects.cpp">
      <Filter>Source Files\Common Header Files</Filter>
    </ClCompile>
    <ClCompile Include="..\include\NVIDIA PhysX SDK\v2.8.4_win\Samples\SampleCommonCode\src\GLFontRenderer.cpp">
      <Filter>Source Files\Common Header Files</Filter>
    </ClCompile>
    <ClCompile Include="..\include\NVIDIA PhysX SDK\v2.8.4_win\Samples\SampleCommonCode\src\Joints.cpp">
      <Filter>Source Files\Common Header Files</Filter>
    </ClCompile>
    <ClCompile Include="..\include\NVIDIA PhysX SDK\v2.8.4_win\Samples\SampleCommonCode\src\Stream.cpp">
      <Filter>Source Files\Common Header Files</Filter>
    </ClCompile>
    <ClCompile Include="..\include\NVIDIA PhysX SDK\v2.8.4_win\Samples\SampleCommonCode\src\UserAllocator.cpp">
      <Filter>Source Files\Common Header Files</Filter>
    </ClCompile>
    <ClCompile Include="..\include\NVIDIA PhysX SDK\v2.8.4_win\Samples\SampleCommonCode\src\win\Timing_WIN.cpp">
      <Filter>Source Files\Common Header Files\win</Filter>
    </ClCompile>
    <ClCompile Include="..\include\NVIDIA PhysX SDK\v2.8.4_win\Samples\SampleCommonCode\src\win\MediaPath_WIN.cpp">
      <Filter>Source Files\Common Header Files\win</Filter>
    </ClCompile>
    <ClCompile Include="GeneratedFiles\Debug\moc_Simulation.cpp">
      <Filter>Generated Files\Debug</Filter>
    </ClCompile>
    <ClCompile Include="GeneratedFiles\Release\moc_Simulation.cpp">
      <Filter>Generated Files\Release</Filter>
    </ClCompile>
    <ClCompile Include="UDPMulticastSenderSSLVision.cpp">
      <Filter>Source Files\Interface</Filter>
    </ClCompile>
    <ClCompile Include="UDPServerSimInt.cpp">
      <Filter>Source Files\Interface</Filter>
    </ClCompile>
    <ClCompile Include="NxWheel.cpp">
      <Filter>Source Files\Robot</Filter>
    </ClCompile>
    <ClCompile Include="NxVehicle.cpp">
      <Filter>Source Files\Robot</Filter>
    </ClCompile>
    <ClCompile Include="NxRobot.cpp">
      <Filter>Source Files\Robot</Filter>
    </ClCompile>
    <ClCompile Include="NxKicker.cpp">
      <Filter>Source Files\Robot</Filter>
    </ClCompile>
    <ClCompile Include="NxDribbler.cpp">
      <Filter>Source Files\Robot</Filter>
    </ClCompile>
    <ClCompile Include="NxAllRobots.cpp">
      <Filter>Source Files\Robot</Filter>
    </ClCompile>
  </ItemGroup>
  <ItemGroup>
    <ClInclude Include="MyContactReport.h">
      <Filter>Header Files</Filter>
    </ClInclude>
    <ClInclude Include="MyUserNotify.h">
      <Filter>Header Files</Filter>
    </ClInclude>
    <ClInclude Include="NxAllBalls.h">
      <Filter>Header Files</Filter>
    </ClInclude>
    <ClInclude Include="NxAllFields.h">
      <Filter>Header Files</Filter>
    </ClInclude>
    <ClInclude Include="NxBall.h">
      <Filter>Header Files</Filter>
    </ClInclude>
    <ClInclude Include="NxField.h">
      <Filter>Header Files</Filter>
    </ClInclude>
    <ClInclude Include="NxMath1.h">
      <Filter>Header Files</Filter>
    </ClInclude>
    <ClInclude Include="NxScene1.h">
      <Filter>Header Files</Filter>
    </ClInclude>
    <ClInclude Include="..\include\NVIDIA PhysX SDK\v2.8.4_win\Tools\NxuStream2\NXU_Asc2Bin.h">
      <Filter>Header Files\Common Header Files\NxuStream2</Filter>
    </ClInclude>
    <ClInclude Include="..\include\NVIDIA PhysX SDK\v2.8.4_win\Tools\NxuStream2\NXU_ColladaExport.h">
      <Filter>Header Files\Common Header Files\NxuStream2</Filter>
    </ClInclude>
    <ClInclude Include="..\include\NVIDIA PhysX SDK\v2.8.4_win\Tools\NxuStream2\NXU_ColladaImport.h">
      <Filter>Header Files\Common Header Files\NxuStream2</Filter>
    </ClInclude>
    <ClInclude Include="..\include\NVIDIA PhysX SDK\v2.8.4_win\Tools\NxuStream2\NXU_cooking.h">
      <Filter>Header Files\Common Header Files\NxuStream2</Filter>
    </ClInclude>
    <ClInclude Include="..\include\NVIDIA PhysX SDK\v2.8.4_win\Tools\NxuStream2\NXU_customcopy.h">
      <Filter>Header Files\Common Header Files\NxuStream2</Filter>
    </ClInclude>
    <ClInclude Include="..\include\NVIDIA PhysX SDK\v2.8.4_win\Tools\NxuStream2\NXU_File.h">
      <Filter>Header Files\Common Header Files\NxuStream2</Filter>
    </ClInclude>
    <ClInclude Include="..\include\NVIDIA PhysX SDK\v2.8.4_win\Tools\NxuStream2\NXU_Geometry.h">
      <Filter>Header Files\Common Header Files\NxuStream2</Filter>
    </ClInclude>
    <ClInclude Include="..\include\NVIDIA PhysX SDK\v2.8.4_win\Tools\NxuStream2\NXU_GraphicsMesh.h">
      <Filter>Header Files\Common Header Files\NxuStream2</Filter>
    </ClInclude>
    <ClInclude Include="..\include\NVIDIA PhysX SDK\v2.8.4_win\Tools\NxuStream2\NXU_helper.h">
      <Filter>Header Files\Common Header Files\NxuStream2</Filter>
    </ClInclude>
    <ClInclude Include="..\include\NVIDIA PhysX SDK\v2.8.4_win\Tools\NxuStream2\NXU_hull.h">
      <Filter>Header Files\Common Header Files\NxuStream2</Filter>
    </ClInclude>
    <ClInclude Include="..\include\NVIDIA PhysX SDK\v2.8.4_win\Tools\NxuStream2\NXU_PhysicsExport.h">
      <Filter>Header Files\Common Header Files\NxuStream2</Filter>
    </ClInclude>
    <ClInclude Include="..\include\NVIDIA PhysX SDK\v2.8.4_win\Tools\NxuStream2\NXU_PhysicsInstantiator.h">
      <Filter>Header Files\Common Header Files\NxuStream2</Filter>
    </ClInclude>
    <ClInclude Include="..\include\NVIDIA PhysX SDK\v2.8.4_win\Tools\NxuStream2\NXU_ScaledCopy.h">
      <Filter>Header Files\Common Header Files\NxuStream2</Filter>
    </ClInclude>
    <ClInclude Include="..\include\NVIDIA PhysX SDK\v2.8.4_win\Tools\NxuStream2\NXU_schema.h">
      <Filter>Header Files\Common Header Files\NxuStream2</Filter>
    </ClInclude>
    <ClInclude Include="..\include\NVIDIA PhysX SDK\v2.8.4_win\Tools\NxuStream2\NXU_SchemaStream.h">
      <Filter>Header Files\Common Header Files\NxuStream2</Filter>
    </ClInclude>
    <ClInclude Include="..\include\NVIDIA PhysX SDK\v2.8.4_win\Tools\NxuStream2\NXU_SchemaTypes.h">
      <Filter>Header Files\Common Header Files\NxuStream2</Filter>
    </ClInclude>
    <ClInclude Include="..\include\NVIDIA PhysX SDK\v2.8.4_win\Tools\NxuStream2\NXU_Streaming.h">
      <Filter>Header Files\Common Header Files\NxuStream2</Filter>
    </ClInclude>
    <ClInclude Include="..\include\NVIDIA PhysX SDK\v2.8.4_win\Tools\NxuStream2\NXU_string.h">
      <Filter>Header Files\Common Header Files\NxuStream2</Filter>
    </ClInclude>
    <ClInclude Include="..\include\NVIDIA PhysX SDK\v2.8.4_win\Tools\NxuStream2\NXU_tinystr.h">
      <Filter>Header Files\Common Header Files\NxuStream2</Filter>
    </ClInclude>
    <ClInclude Include="..\include\NVIDIA PhysX SDK\v2.8.4_win\Tools\NxuStream2\NXU_tinyxml.h">
      <Filter>Header Files\Common Header Files\NxuStream2</Filter>
    </ClInclude>
    <ClInclude Include="..\include\NVIDIA PhysX SDK\v2.8.4_win\Samples\SampleCommonCode\src\ActorPicking.h">
      <Filter>Header Files\Common Header Files</Filter>
    </ClInclude>
    <ClInclude Include="..\include\NVIDIA PhysX SDK\v2.8.4_win\Samples\SampleCommonCode\src\Actors.h">
      <Filter>Header Files\Common Header Files</Filter>
    </ClInclude>
    <ClInclude Include="..\include\NVIDIA PhysX SDK\v2.8.4_win\Samples\SampleCommonCode\src\cooking.h">
      <Filter>Header Files\Common Header Files</Filter>
    </ClInclude>
    <ClInclude Include="..\include\NVIDIA PhysX SDK\v2.8.4_win\Samples\SampleCommonCode\src\DebugRenderer.h">
      <Filter>Header Files\Common Header Files</Filter>
    </ClInclude>
    <ClInclude Include="..\include\NVIDIA PhysX SDK\v2.8.4_win\Samples\SampleCommonCode\src\DrawObjects.h">
      <Filter>Header Files\Common Header Files</Filter>
    </ClInclude>
    <ClInclude Include="..\include\NVIDIA PhysX SDK\v2.8.4_win\Samples\SampleCommonCode\src\GLFontRenderer.h">
      <Filter>Header Files\Common Header Files</Filter>
    </ClInclude>
    <ClInclude Include="..\include\NVIDIA PhysX SDK\v2.8.4_win\Samples\SampleCommonCode\src\Joints.h">
      <Filter>Header Files\Common Header Files</Filter>
    </ClInclude>
    <ClInclude Include="..\include\NVIDIA PhysX SDK\v2.8.4_win\Samples\SampleCommonCode\src\MediaPath.h">
      <Filter>Header Files\Common Header Files</Filter>
    </ClInclude>
    <ClInclude Include="..\include\NVIDIA PhysX SDK\v2.8.4_win\Samples\SampleCommonCode\src\Stream.h">
      <Filter>Header Files\Common Header Files</Filter>
    </ClInclude>
    <ClInclude Include="..\include\NVIDIA PhysX SDK\v2.8.4_win\Samples\SampleCommonCode\src\Timing.h">
      <Filter>Header Files\Common Header Files</Filter>
    </ClInclude>
    <ClInclude Include="..\include\NVIDIA PhysX SDK\v2.8.4_win\Samples\SampleCommonCode\src\UserAllocator.h">
      <Filter>Header Files\Common Header Files</Filter>
    </ClInclude>
    <ClInclude Include="..\include\NVIDIA PhysX SDK\v2.8.4_win\Samples\SampleCommonCode\src\win\SampleMutex_WIN.h">
      <Filter>Header Files\Common Header Files\win</Filter>
    </ClInclude>
    <ClInclude Include="NxVehicle.h">
      <Filter>Header Files\Robot</Filter>
    </ClInclude>
    <ClInclude Include="NxVehicleDesc.h">
      <Filter>Header Files\Robot</Filter>
    </ClInclude>
    <ClInclude Include="NxRobot.h">
      <Filter>Header Files\Robot</Filter>
    </ClInclude>
    <ClInclude Include="NxVehicleMotor.h">
      <Filter>Header Files\Robot</Filter>
    </ClInclude>
    <ClInclude Include="NxVehicleMotorDesc.h">
      <Filter>Header Files\Robot</Filter>
    </ClInclude>
    <ClInclude Include="NxWheel.h">
      <Filter>Header Files\Robot</Filter>
    </ClInclude>
    <ClInclude Include="NxWheelDesc.h">
      <Filter>Header Files\Robot</Filter>
    </ClInclude>
    <ClInclude Include="NxKicker.h">
      <Filter>Header Files\Robot</Filter>
    </ClInclude>
    <ClInclude Include="NxDribbler.h">
      <Filter>Header Files\Robot</Filter>
    </ClInclude>
    <ClInclude Include="NxAllRobots.h">
      <Filter>Header Files\Robot</Filter>
    </ClInclude>
    <ClInclude Include="NxLinearInterpolationValues.h">
      <Filter>Header Files\Robot</Filter>
    </ClInclude>
    <ClInclude Include="NxLinearInterpolate3Values.h">
      <Filter>Header Files\Robot</Filter>
    </ClInclude>
  </ItemGroup>
  <ItemGroup>
    <CustomBuild Include="Simulation.h">
      <Filter>Header Files</Filter>
    </CustomBuild>
    <CustomBuild Include="UDPServerSimInt.h">
      <Filter>Header Files\Interface</Filter>
    </CustomBuild>
    <CustomBuild Include="UDPMulticastSenderSSLVision.h">
      <Filter>Header Files\Interface</Filter>
    </CustomBuild>
  </ItemGroup>
</Project>